
Microsoft Visual Studio Solution File, Format Version 12.00
# Visual Studio Version 17
VisualStudioVersion = 17.9.34723.18
MinimumVisualStudioVersion = 10.0.40219.1
Project("{9A19103F-16F7-4668-BE54-9A1E7A4F7556}") = "TechnicalAssessmentRokov", "TechnicalAssessmentRokov.csproj", "{3DA1208F-6554-4A75-BE96-ACDA6E348323}"
EndProject
Global
	GlobalSection(SolutionConfigurationPlatforms) = preSolution
		Debug|Any CPU = Debug|Any CPU
		Release|Any CPU = Release|Any CPU
	EndGlobalSection
	GlobalSection(ProjectConfigurationPlatforms) = postSolution
		{3DA1208F-6554-4A75-BE96-ACDA6E348323}.Debug|Any CPU.ActiveCfg = Debug|Any CPU
		{3DA1208F-6554-4A75-BE96-ACDA6E348323}.Debug|Any CPU.Build.0 = Debug|Any CPU
		{3DA1208F-6554-4A75-BE96-ACDA6E348323}.Release|Any CPU.ActiveCfg = Release|Any CPU
		{3DA1208F-6554-4A75-BE96-ACDA6E348323}.Release|Any CPU.Build.0 = Release|Any CPU
	EndGlobalSection
	GlobalSection(SolutionProperties) = preSolution
		HideSolutionNode = FALSE
	EndGlobalSection
	GlobalSection(ExtensibilityGlobals) = postSolution
		SolutionGuid = {6ED1B65E-82CB-468E-88AA-4F775C777BA6}
	EndGlobalSection
EndGlobal
